
Microsoft Visual Studio Solution File, Format Version 12.00
# Visual Studio Version 16
VisualStudioVersion = 16.6.30114.105
MinimumVisualStudioVersion = 10.0.40219.1
Project("{FAE04EC0-301F-11D3-BF4B-00C04F79EFBC}") = "apllication", "Api.Application\apllication.csproj", "{97639F04-ADBF-4967-8556-3FDDA13EDC87}"
EndProject
Project("{FAE04EC0-301F-11D3-BF4B-00C04F79EFBC}") = "Domain", "Api.Domain\Domain.csproj", "{80C2AD60-FD3A-4C9A-BC55-B920854A25B9}"
EndProject
Project("{FAE04EC0-301F-11D3-BF4B-00C04F79EFBC}") = "CrossCutting", "Api.CrossCutting\CrossCutting.csproj", "{38911E87-1C31-4688-8AB1-5A98F7D55005}"
EndProject
Project("{FAE04EC0-301F-11D3-BF4B-00C04F79EFBC}") = "Data", "Api.Data\Data.csproj", "{0327D364-70F7-40A8-8561-EAA4E7AB5813}"
EndProject
Project("{FAE04EC0-301F-11D3-BF4B-00C04F79EFBC}") = "Service", "Api.Service\Service.csproj", "{17D5B102-6A03-4AD1-9CDD-799C6FE7DDD2}"
EndProject
Project("{FAE04EC0-301F-11D3-BF4B-00C04F79EFBC}") = "Api.Data.Test", "Api.Data.Test\Api.Data.Test.csproj", "{39A49BA9-33A6-467A-AFC7-BA8A4E631E64}"
EndProject
Project("{FAE04EC0-301F-11D3-BF4B-00C04F79EFBC}") = "Api.Service.Test", "Api.Service.Test\Api.Service.Test.csproj", "{0635524E-C99E-4185-8E1E-614157AEA163}"
EndProject
Project("{FAE04EC0-301F-11D3-BF4B-00C04F79EFBC}") = "Api.Application.Test", "Api.Application.Test\Api.Application.Test.csproj", "{2AF5640A-CE4C-4A82-BB82-03E0B98816E8}"
EndProject
Project("{FAE04EC0-301F-11D3-BF4B-00C04F79EFBC}") = "Api.Integration.Test", "Api.Integration.Test\Api.Integration.Test.csproj", "{A37B1BD8-1700-4A00-8FBF-8313234604DC}"
EndProject
Global
	GlobalSection(SolutionConfigurationPlatforms) = preSolution
		Debug|Any CPU = Debug|Any CPU
		Debug|x64 = Debug|x64
		Debug|x86 = Debug|x86
		Release|Any CPU = Release|Any CPU
		Release|x64 = Release|x64
		Release|x86 = Release|x86
	EndGlobalSection
	GlobalSection(SolutionProperties) = preSolution
		HideSolutionNode = FALSE
	EndGlobalSection
	GlobalSection(ProjectConfigurationPlatforms) = postSolution
		{97639F04-ADBF-4967-8556-3FDDA13EDC87}.Debug|Any CPU.ActiveCfg = Debug|Any CPU
		{97639F04-ADBF-4967-8556-3FDDA13EDC87}.Debug|Any CPU.Build.0 = Debug|Any CPU
		{97639F04-ADBF-4967-8556-3FDDA13EDC87}.Debug|x64.ActiveCfg = Debug|Any CPU
		{97639F04-ADBF-4967-8556-3FDDA13EDC87}.Debug|x64.Build.0 = Debug|Any CPU
		{97639F04-ADBF-4967-8556-3FDDA13EDC87}.Debug|x86.ActiveCfg = Debug|Any CPU
		{97639F04-ADBF-4967-8556-3FDDA13EDC87}.Debug|x86.Build.0 = Debug|Any CPU
		{97639F04-ADBF-4967-8556-3FDDA13EDC87}.Release|Any CPU.ActiveCfg = Release|Any CPU
		{97639F04-ADBF-4967-8556-3FDDA13EDC87}.Release|Any CPU.Build.0 = Release|Any CPU
		{97639F04-ADBF-4967-8556-3FDDA13EDC87}.Release|x64.ActiveCfg = Release|Any CPU
		{97639F04-ADBF-4967-8556-3FDDA13EDC87}.Release|x64.Build.0 = Release|Any CPU
		{97639F04-ADBF-4967-8556-3FDDA13EDC87}.Release|x86.ActiveCfg = Release|Any CPU
		{97639F04-ADBF-4967-8556-3FDDA13EDC87}.Release|x86.Build.0 = Release|Any CPU
		{80C2AD60-FD3A-4C9A-BC55-B920854A25B9}.Debug|Any CPU.ActiveCfg = Debug|Any CPU
		{80C2AD60-FD3A-4C9A-BC55-B920854A25B9}.Debug|Any CPU.Build.0 = Debug|Any CPU
		{80C2AD60-FD3A-4C9A-BC55-B920854A25B9}.Debug|x64.ActiveCfg = Debug|Any CPU
		{80C2AD60-FD3A-4C9A-BC55-B920854A25B9}.Debug|x64.Build.0 = Debug|Any CPU
		{80C2AD60-FD3A-4C9A-BC55-B920854A25B9}.Debug|x86.ActiveCfg = Debug|Any CPU
		{80C2AD60-FD3A-4C9A-BC55-B920854A25B9}.Debug|x86.Build.0 = Debug|Any CPU
		{80C2AD60-FD3A-4C9A-BC55-B920854A25B9}.Release|Any CPU.ActiveCfg = Release|Any CPU
		{80C2AD60-FD3A-4C9A-BC55-B920854A25B9}.Release|Any CPU.Build.0 = Release|Any CPU
		{80C2AD60-FD3A-4C9A-BC55-B920854A25B9}.Release|x64.ActiveCfg = Release|Any CPU
		{80C2AD60-FD3A-4C9A-BC55-B920854A25B9}.Release|x64.Build.0 = Release|Any CPU
		{80C2AD60-FD3A-4C9A-BC55-B920854A25B9}.Release|x86.ActiveCfg = Release|Any CPU
		{80C2AD60-FD3A-4C9A-BC55-B920854A25B9}.Release|x86.Build.0 = Release|Any CPU
		{38911E87-1C31-4688-8AB1-5A98F7D55005}.Debug|Any CPU.ActiveCfg = Debug|Any CPU
		{38911E87-1C31-4688-8AB1-5A98F7D55005}.Debug|Any CPU.Build.0 = Debug|Any CPU
		{38911E87-1C31-4688-8AB1-5A98F7D55005}.Debug|x64.ActiveCfg = Debug|Any CPU
		{38911E87-1C31-4688-8AB1-5A98F7D55005}.Debug|x64.Build.0 = Debug|Any CPU
		{38911E87-1C31-4688-8AB1-5A98F7D55005}.Debug|x86.ActiveCfg = Debug|Any CPU
		{38911E87-1C31-4688-8AB1-5A98F7D55005}.Debug|x86.Build.0 = Debug|Any CPU
		{38911E87-1C31-4688-8AB1-5A98F7D55005}.Release|Any CPU.ActiveCfg = Release|Any CPU
		{38911E87-1C31-4688-8AB1-5A98F7D55005}.Release|Any CPU.Build.0 = Release|Any CPU
		{38911E87-1C31-4688-8AB1-5A98F7D55005}.Release|x64.ActiveCfg = Release|Any CPU
		{38911E87-1C31-4688-8AB1-5A98F7D55005}.Release|x64.Build.0 = Release|Any CPU
		{38911E87-1C31-4688-8AB1-5A98F7D55005}.Release|x86.ActiveCfg = Release|Any CPU
		{38911E87-1C31-4688-8AB1-5A98F7D55005}.Release|x86.Build.0 = Release|Any CPU
		{0327D364-70F7-40A8-8561-EAA4E7AB5813}.Debug|Any CPU.ActiveCfg = Debug|Any CPU
		{0327D364-70F7-40A8-8561-EAA4E7AB5813}.Debug|Any CPU.Build.0 = Debug|Any CPU
		{0327D364-70F7-40A8-8561-EAA4E7AB5813}.Debug|x64.ActiveCfg = Debug|Any CPU
		{0327D364-70F7-40A8-8561-EAA4E7AB5813}.Debug|x64.Build.0 = Debug|Any CPU
		{0327D364-70F7-40A8-8561-EAA4E7AB5813}.Debug|x86.ActiveCfg = Debug|Any CPU
		{0327D364-70F7-40A8-8561-EAA4E7AB5813}.Debug|x86.Build.0 = Debug|Any CPU
		{0327D364-70F7-40A8-8561-EAA4E7AB5813}.Release|Any CPU.ActiveCfg = Release|Any CPU
		{0327D364-70F7-40A8-8561-EAA4E7AB5813}.Release|Any CPU.Build.0 = Release|Any CPU
		{0327D364-70F7-40A8-8561-EAA4E7AB5813}.Release|x64.ActiveCfg = Release|Any CPU
		{0327D364-70F7-40A8-8561-EAA4E7AB5813}.Release|x64.Build.0 = Release|Any CPU
		{0327D364-70F7-40A8-8561-EAA4E7AB5813}.Release|x86.ActiveCfg = Release|Any CPU
		{0327D364-70F7-40A8-8561-EAA4E7AB5813}.Release|x86.Build.0 = Release|Any CPU
		{17D5B102-6A03-4AD1-9CDD-799C6FE7DDD2}.Debug|Any CPU.ActiveCfg = Debug|Any CPU
		{17D5B102-6A03-4AD1-9CDD-799C6FE7DDD2}.Debug|Any CPU.Build.0 = Debug|Any CPU
		{17D5B102-6A03-4AD1-9CDD-799C6FE7DDD2}.Debug|x64.ActiveCfg = Debug|Any CPU
		{17D5B102-6A03-4AD1-9CDD-799C6FE7DDD2}.Debug|x64.Build.0 = Debug|Any CPU
		{17D5B102-6A03-4AD1-9CDD-799C6FE7DDD2}.Debug|x86.ActiveCfg = Debug|Any CPU
		{17D5B102-6A03-4AD1-9CDD-799C6FE7DDD2}.Debug|x86.Build.0 = Debug|Any CPU
		{17D5B102-6A03-4AD1-9CDD-799C6FE7DDD2}.Release|Any CPU.ActiveCfg = Release|Any CPU
		{17D5B102-6A03-4AD1-9CDD-799C6FE7DDD2}.Release|Any CPU.Build.0 = Release|Any CPU
		{17D5B102-6A03-4AD1-9CDD-799C6FE7DDD2}.Release|x64.ActiveCfg = Release|Any CPU
		{17D5B102-6A03-4AD1-9CDD-799C6FE7DDD2}.Release|x64.Build.0 = Release|Any CPU
		{17D5B102-6A03-4AD1-9CDD-799C6FE7DDD2}.Release|x86.ActiveCfg = Release|Any CPU
		{17D5B102-6A03-4AD1-9CDD-799C6FE7DDD2}.Release|x86.Build.0 = Release|Any CPU
		{39A49BA9-33A6-467A-AFC7-BA8A4E631E64}.Debug|Any CPU.ActiveCfg = Debug|Any CPU
		{39A49BA9-33A6-467A-AFC7-BA8A4E631E64}.Debug|Any CPU.Build.0 = Debug|Any CPU
		{39A49BA9-33A6-467A-AFC7-BA8A4E631E64}.Debug|x64.ActiveCfg = Debug|Any CPU
		{39A49BA9-33A6-467A-AFC7-BA8A4E631E64}.Debug|x64.Build.0 = Debug|Any CPU
		{39A49BA9-33A6-467A-AFC7-BA8A4E631E64}.Debug|x86.ActiveCfg = Debug|Any CPU
		{39A49BA9-33A6-467A-AFC7-BA8A4E631E64}.Debug|x86.Build.0 = Debug|Any CPU
		{39A49BA9-33A6-467A-AFC7-BA8A4E631E64}.Release|Any CPU.ActiveCfg = Release|Any CPU
		{39A49BA9-33A6-467A-AFC7-BA8A4E631E64}.Release|Any CPU.Build.0 = Release|Any CPU
		{39A49BA9-33A6-467A-AFC7-BA8A4E631E64}.Release|x64.ActiveCfg = Release|Any CPU
		{39A49BA9-33A6-467A-AFC7-BA8A4E631E64}.Release|x64.Build.0 = Release|Any CPU
		{39A49BA9-33A6-467A-AFC7-BA8A4E631E64}.Release|x86.ActiveCfg = Release|Any CPU
		{39A49BA9-33A6-467A-AFC7-BA8A4E631E64}.Release|x86.Build.0 = Release|Any CPU
		{0635524E-C99E-4185-8E1E-614157AEA163}.Debug|Any CPU.ActiveCfg = Debug|Any CPU
		{0635524E-C99E-4185-8E1E-614157AEA163}.Debug|Any CPU.Build.0 = Debug|Any CPU
		{0635524E-C99E-4185-8E1E-614157AEA163}.Debug|x64.ActiveCfg = Debug|Any CPU
		{0635524E-C99E-4185-8E1E-614157AEA163}.Debug|x64.Build.0 = Debug|Any CPU
		{0635524E-C99E-4185-8E1E-614157AEA163}.Debug|x86.ActiveCfg = Debug|Any CPU
		{0635524E-C99E-4185-8E1E-614157AEA163}.Debug|x86.Build.0 = Debug|Any CPU
		{0635524E-C99E-4185-8E1E-614157AEA163}.Release|Any CPU.ActiveCfg = Release|Any CPU
		{0635524E-C99E-4185-8E1E-614157AEA163}.Release|Any CPU.Build.0 = Release|Any CPU
		{0635524E-C99E-4185-8E1E-614157AEA163}.Release|x64.ActiveCfg = Release|Any CPU
		{0635524E-C99E-4185-8E1E-614157AEA163}.Release|x64.Build.0 = Release|Any CPU
		{0635524E-C99E-4185-8E1E-614157AEA163}.Release|x86.ActiveCfg = Release|Any CPU
		{0635524E-C99E-4185-8E1E-614157AEA163}.Release|x86.Build.0 = Release|Any CPU
		{2AF5640A-CE4C-4A82-BB82-03E0B98816E8}.Debug|Any CPU.ActiveCfg = Debug|Any CPU
		{2AF5640A-CE4C-4A82-BB82-03E0B98816E8}.Debug|Any CPU.Build.0 = Debug|Any CPU
		{2AF5640A-CE4C-4A82-BB82-03E0B98816E8}.Debug|x64.ActiveCfg = Debug|Any CPU
		{2AF5640A-CE4C-4A82-BB82-03E0B98816E8}.Debug|x64.Build.0 = Debug|Any CPU
		{2AF5640A-CE4C-4A82-BB82-03E0B98816E8}.Debug|x86.ActiveCfg = Debug|Any CPU
		{2AF5640A-CE4C-4A82-BB82-03E0B98816E8}.Debug|x86.Build.0 = Debug|Any CPU
		{2AF5640A-CE4C-4A82-BB82-03E0B98816E8}.Release|Any CPU.ActiveCfg = Release|Any CPU
		{2AF5640A-CE4C-4A82-BB82-03E0B98816E8}.Release|Any CPU.Build.0 = Release|Any CPU
		{2AF5640A-CE4C-4A82-BB82-03E0B98816E8}.Release|x64.ActiveCfg = Release|Any CPU
		{2AF5640A-CE4C-4A82-BB82-03E0B98816E8}.Release|x64.Build.0 = Release|Any CPU
		{2AF5640A-CE4C-4A82-BB82-03E0B98816E8}.Release|x86.ActiveCfg = Release|Any CPU
		{2AF5640A-CE4C-4A82-BB82-03E0B98816E8}.Release|x86.Build.0 = Release|Any CPU
		{A37B1BD8-1700-4A00-8FBF-8313234604DC}.Debug|Any CPU.ActiveCfg = Debug|Any CPU
		{A37B1BD8-1700-4A00-8FBF-8313234604DC}.Debug|Any CPU.Build.0 = Debug|Any CPU
		{A37B1BD8-1700-4A00-8FBF-8313234604DC}.Debug|x64.ActiveCfg = Debug|Any CPU
		{A37B1BD8-1700-4A00-8FBF-8313234604DC}.Debug|x64.Build.0 = Debug|Any CPU
		{A37B1BD8-1700-4A00-8FBF-8313234604DC}.Debug|x86.ActiveCfg = Debug|Any CPU
		{A37B1BD8-1700-4A00-8FBF-8313234604DC}.Debug|x86.Build.0 = Debug|Any CPU
		{A37B1BD8-1700-4A00-8FBF-8313234604DC}.Release|Any CPU.ActiveCfg = Release|Any CPU
		{A37B1BD8-1700-4A00-8FBF-8313234604DC}.Release|Any CPU.Build.0 = Release|Any CPU
		{A37B1BD8-1700-4A00-8FBF-8313234604DC}.Release|x64.ActiveCfg = Release|Any CPU
		{A37B1BD8-1700-4A00-8FBF-8313234604DC}.Release|x64.Build.0 = Release|Any CPU
		{A37B1BD8-1700-4A00-8FBF-8313234604DC}.Release|x86.ActiveCfg = Release|Any CPU
		{A37B1BD8-1700-4A00-8FBF-8313234604DC}.Release|x86.Build.0 = Release|Any CPU
	EndGlobalSection
EndGlobal
